
Microsoft Visual Studio Solution File, Format Version 12.00
Project("{FAE04EC0-301F-11D3-BF4B-00C04F79EFBC}") = "APBD8", "APBD8\APBD8.csproj", "{C6AE191B-447F-4743-9FB3-04815B158BD0}"
EndProject
Global
	GlobalSection(SolutionConfigurationPlatforms) = preSolution
		Debug|Any CPU = Debug|Any CPU
		Release|Any CPU = Release|Any CPU
	EndGlobalSection
	GlobalSection(ProjectConfigurationPlatforms) = postSolution
		{C6AE191B-447F-4743-9FB3-04815B158BD0}.Debug|Any CPU.ActiveCfg = Debug|Any CPU
		{C6AE191B-447F-4743-9FB3-04815B158BD0}.Debug|Any CPU.Build.0 = Debug|Any CPU
		{C6AE191B-447F-4743-9FB3-04815B158BD0}.Release|Any CPU.ActiveCfg = Release|Any CPU
		{C6AE191B-447F-4743-9FB3-04815B158BD0}.Release|Any CPU.Build.0 = Release|Any CPU
	EndGlobalSection
EndGlobal
